
Microsoft Visual Studio Solution File, Format Version 12.00
# Visual Studio Version 17
VisualStudioVersion = 17.9.34723.18
MinimumVisualStudioVersion = 10.0.40219.1
Project("{FAE04EC0-301F-11D3-BF4B-00C04F79EFBC}") = "recursive fibbonaci", "recursive fibbonaci\recursive fibbonaci.csproj", "{E3E2EDE1-5577-4D59-B1BA-29EC44C72A99}"
EndProject
Global
	GlobalSection(SolutionConfigurationPlatforms) = preSolution
		Debug|Any CPU = Debug|Any CPU
		Release|Any CPU = Release|Any CPU
	EndGlobalSection
	GlobalSection(ProjectConfigurationPlatforms) = postSolution
		{E3E2EDE1-5577-4D59-B1BA-29EC44C72A99}.Debug|Any CPU.ActiveCfg = Debug|Any CPU
		{E3E2EDE1-5577-4D59-B1BA-29EC44C72A99}.Debug|Any CPU.Build.0 = Debug|Any CPU
		{E3E2EDE1-5577-4D59-B1BA-29EC44C72A99}.Release|Any CPU.ActiveCfg = Release|Any CPU
		{E3E2EDE1-5577-4D59-B1BA-29EC44C72A99}.Release|Any CPU.Build.0 = Release|Any CPU
	EndGlobalSection
	GlobalSection(SolutionProperties) = preSolution
		HideSolutionNode = FALSE
	EndGlobalSection
	GlobalSection(ExtensibilityGlobals) = postSolution
		SolutionGuid = {09D67163-4368-4844-B279-1ADB5D1392BF}
	EndGlobalSection
EndGlobal
